
Microsoft Visual Studio Solution File, Format Version 12.00
# Visual Studio 14
VisualStudioVersion = 14.0.23107.0
MinimumVisualStudioVersion = 10.0.40219.1
Project("{FAE04EC0-301F-11D3-BF4B-00C04F79EFBC}") = "ToDoListRepository", "ToDoListRepository\ToDoListRepository.csproj", "{DADB34F3-432A-4274-BBE1-D4D12C1B7922}"
EndProject
Project("{FAE04EC0-301F-11D3-BF4B-00C04F79EFBC}") = "ToDoList", "ToDoList\ToDoList.csproj", "{B968115D-053D-4BD8-9255-2B1817C56D4E}"
EndProject
Project("{FAE04EC0-301F-11D3-BF4B-00C04F79EFBC}") = "ToDoListService", "ToDoListService\ToDoListService.csproj", "{E3A20697-06CE-48EC-871B-6495D90F156B}"
EndProject
Project("{FAE04EC0-301F-11D3-BF4B-00C04F79EFBC}") = "ToDoListWCF", "ToDoListWCF\ToDoListWCF.csproj", "{38D9E236-629D-4B05-BBE9-55D3228851FE}"
EndProject
Project("{FAE04EC0-301F-11D3-BF4B-00C04F79EFBC}") = "ToDoListConsole", "ToDoListConsole\ToDoListConsole.csproj", "{54333CA1-4AD8-4CA1-B9B4-5FCC18A20742}"
EndProject
Global
	GlobalSection(SolutionConfigurationPlatforms) = preSolution
		Debug|Any CPU = Debug|Any CPU
		Release|Any CPU = Release|Any CPU
	EndGlobalSection
	GlobalSection(ProjectConfigurationPlatforms) = postSolution
		{DADB34F3-432A-4274-BBE1-D4D12C1B7922}.Debug|Any CPU.ActiveCfg = Debug|Any CPU
		{DADB34F3-432A-4274-BBE1-D4D12C1B7922}.Debug|Any CPU.Build.0 = Debug|Any CPU
		{DADB34F3-432A-4274-BBE1-D4D12C1B7922}.Release|Any CPU.ActiveCfg = Release|Any CPU
		{DADB34F3-432A-4274-BBE1-D4D12C1B7922}.Release|Any CPU.Build.0 = Release|Any CPU
		{B968115D-053D-4BD8-9255-2B1817C56D4E}.Debug|Any CPU.ActiveCfg = Debug|Any CPU
		{B968115D-053D-4BD8-9255-2B1817C56D4E}.Debug|Any CPU.Build.0 = Debug|Any CPU
		{B968115D-053D-4BD8-9255-2B1817C56D4E}.Release|Any CPU.ActiveCfg = Release|Any CPU
		{B968115D-053D-4BD8-9255-2B1817C56D4E}.Release|Any CPU.Build.0 = Release|Any CPU
		{E3A20697-06CE-48EC-871B-6495D90F156B}.Debug|Any CPU.ActiveCfg = Debug|Any CPU
		{E3A20697-06CE-48EC-871B-6495D90F156B}.Debug|Any CPU.Build.0 = Debug|Any CPU
		{E3A20697-06CE-48EC-871B-6495D90F156B}.Release|Any CPU.ActiveCfg = Release|Any CPU
		{E3A20697-06CE-48EC-871B-6495D90F156B}.Release|Any CPU.Build.0 = Release|Any CPU
		{38D9E236-629D-4B05-BBE9-55D3228851FE}.Debug|Any CPU.ActiveCfg = Debug|Any CPU
		{38D9E236-629D-4B05-BBE9-55D3228851FE}.Debug|Any CPU.Build.0 = Debug|Any CPU
		{38D9E236-629D-4B05-BBE9-55D3228851FE}.Release|Any CPU.ActiveCfg = Release|Any CPU
		{38D9E236-629D-4B05-BBE9-55D3228851FE}.Release|Any CPU.Build.0 = Release|Any CPU
		{54333CA1-4AD8-4CA1-B9B4-5FCC18A20742}.Debug|Any CPU.ActiveCfg = Debug|Any CPU
		{54333CA1-4AD8-4CA1-B9B4-5FCC18A20742}.Debug|Any CPU.Build.0 = Debug|Any CPU
		{54333CA1-4AD8-4CA1-B9B4-5FCC18A20742}.Release|Any CPU.ActiveCfg = Release|Any CPU
		{54333CA1-4AD8-4CA1-B9B4-5FCC18A20742}.Release|Any CPU.Build.0 = Release|Any CPU
	EndGlobalSection
	GlobalSection(SolutionProperties) = preSolution
		HideSolutionNode = FALSE
	EndGlobalSection
EndGlobal
